
Microsoft Visual Studio Solution File, Format Version 12.00
# Visual Studio 15
VisualStudioVersion = 15.0.28307.421
MinimumVisualStudioVersion = 10.0.40219.1
Project("{FAE04EC0-301F-11D3-BF4B-00C04F79EFBC}") = "kabab TakeAway", "kabab TakeAway\kabab TakeAway.csproj", "{C99488FF-15FB-4658-8135-F6861CC89660}"
EndProject
Global
	GlobalSection(SolutionConfigurationPlatforms) = preSolution
		Debug|Any CPU = Debug|Any CPU
		Release|Any CPU = Release|Any CPU
	EndGlobalSection
	GlobalSection(ProjectConfigurationPlatforms) = postSolution
		{C99488FF-15FB-4658-8135-F6861CC89660}.Debug|Any CPU.ActiveCfg = Debug|Any CPU
		{C99488FF-15FB-4658-8135-F6861CC89660}.Debug|Any CPU.Build.0 = Debug|Any CPU
		{C99488FF-15FB-4658-8135-F6861CC89660}.Release|Any CPU.ActiveCfg = Release|Any CPU
		{C99488FF-15FB-4658-8135-F6861CC89660}.Release|Any CPU.Build.0 = Release|Any CPU
	EndGlobalSection
	GlobalSection(SolutionProperties) = preSolution
		HideSolutionNode = FALSE
	EndGlobalSection
	GlobalSection(ExtensibilityGlobals) = postSolution
		SolutionGuid = {B8D6762E-DA46-4FEA-A710-0DA4FB52C8D1}
	EndGlobalSection
EndGlobal
